
Microsoft Visual Studio Solution File, Format Version 12.00
# Visual Studio Version 16
VisualStudioVersion = 16.0.32428.217
MinimumVisualStudioVersion = 10.0.40219.1
Project("{FAE04EC0-301F-11D3-BF4B-00C04F79EFBC}") = "Assignment", "Assignment\Assignment.csproj", "{05070ADB-6B67-46E4-ABB8-01640F2E9A81}"
EndProject
Global
	GlobalSection(SolutionConfigurationPlatforms) = preSolution
		Debug|Any CPU = Debug|Any CPU
		Release|Any CPU = Release|Any CPU
	EndGlobalSection
	GlobalSection(ProjectConfigurationPlatforms) = postSolution
		{05070ADB-6B67-46E4-ABB8-01640F2E9A81}.Debug|Any CPU.ActiveCfg = Debug|Any CPU
		{05070ADB-6B67-46E4-ABB8-01640F2E9A81}.Debug|Any CPU.Build.0 = Debug|Any CPU
		{05070ADB-6B67-46E4-ABB8-01640F2E9A81}.Release|Any CPU.ActiveCfg = Release|Any CPU
		{05070ADB-6B67-46E4-ABB8-01640F2E9A81}.Release|Any CPU.Build.0 = Release|Any CPU
	EndGlobalSection
	GlobalSection(SolutionProperties) = preSolution
		HideSolutionNode = FALSE
	EndGlobalSection
	GlobalSection(ExtensibilityGlobals) = postSolution
		SolutionGuid = {CE5DF507-11AF-490F-9EF8-DB6C5A110621}
	EndGlobalSection
EndGlobal
